
Microsoft Visual Studio Solution File, Format Version 12.00
# Visual Studio Version 16
VisualStudioVersion = 16.0.30413.136
MinimumVisualStudioVersion = 10.0.40219.1
Project("{9A19103F-16F7-4668-BE54-9A1E7A4F7556}") = "Kortspill", "kortspill\Kortspill.csproj", "{61D66677-E0C6-48E8-B657-B1711A4594D2}"
EndProject
Project("{FAE04EC0-301F-11D3-BF4B-00C04F79EFBC}") = "NUnitTests", "NUnitTests\NUnitTests.csproj", "{B3CECAD4-4F11-45E8-8B53-A8C0C8FAD482}"
EndProject
Global
	GlobalSection(SolutionConfigurationPlatforms) = preSolution
		Debug|Any CPU = Debug|Any CPU
		Release|Any CPU = Release|Any CPU
	EndGlobalSection
	GlobalSection(ProjectConfigurationPlatforms) = postSolution
		{61D66677-E0C6-48E8-B657-B1711A4594D2}.Debug|Any CPU.ActiveCfg = Debug|Any CPU
		{61D66677-E0C6-48E8-B657-B1711A4594D2}.Debug|Any CPU.Build.0 = Debug|Any CPU
		{61D66677-E0C6-48E8-B657-B1711A4594D2}.Release|Any CPU.ActiveCfg = Release|Any CPU
		{61D66677-E0C6-48E8-B657-B1711A4594D2}.Release|Any CPU.Build.0 = Release|Any CPU
		{B3CECAD4-4F11-45E8-8B53-A8C0C8FAD482}.Debug|Any CPU.ActiveCfg = Debug|Any CPU
		{B3CECAD4-4F11-45E8-8B53-A8C0C8FAD482}.Debug|Any CPU.Build.0 = Debug|Any CPU
		{B3CECAD4-4F11-45E8-8B53-A8C0C8FAD482}.Release|Any CPU.ActiveCfg = Release|Any CPU
		{B3CECAD4-4F11-45E8-8B53-A8C0C8FAD482}.Release|Any CPU.Build.0 = Release|Any CPU
	EndGlobalSection
	GlobalSection(SolutionProperties) = preSolution
		HideSolutionNode = FALSE
	EndGlobalSection
	GlobalSection(ExtensibilityGlobals) = postSolution
		SolutionGuid = {3009146B-B779-4790-AEC1-DA5EF6342386}
	EndGlobalSection
EndGlobal
